{
  "name": "@hexlet/code",
  "version": "1.0.0",
  "lockfileVersion": 2,
  "requires": true,
  "packages": {
    "": {
      "name": "@hexlet/code",
      "version": "1.0.0",
      "license": "ISC",
      "dependencies": {
        "link": "^0.1.5",
        "make": "^0.0.0"
      },
      "bin": {
        "brain-games": "bin/brain-games.js"
      }
    },
    "node_modules/link": {
      "version": "0.1.5",
      "resolved": "https://registry.npmjs.org/link/-/link-0.1.5.tgz",
      "integrity": "sha1-f8eqW9P2rFoZxSVaI/QgfWhS6S4=",
      "bin": {
        "link.js": "Source/Node/link.js",
        "linkjs": "Source/Node/link.js"
      },
      "engines": {
        "node": "> 0.4.x < 0.9.0"
      }
    },
    "node_modules/make": {
      "version": "0.0.0",
      "resolved": "https://registry.npmjs.org/make/-/make-0.0.0.tgz",
      "integrity": "sha1-KGbeNhqJuR35eSf0Rqumr+sCQ0w="
    }
  },
  "dependencies": {
    "link": {
      "version": "0.1.5",
      "resolved": "https://registry.npmjs.org/link/-/link-0.1.5.tgz",
      "integrity": "sha1-f8eqW9P2rFoZxSVaI/QgfWhS6S4="
    },
    "make": {
      "version": "0.0.0",
      "resolved": "https://registry.npmjs.org/make/-/make-0.0.0.tgz",
      "integrity": "sha1-KGbeNhqJuR35eSf0Rqumr+sCQ0w="
    }
  }
}
